
Microsoft Visual Studio Solution File, Format Version 12.00
# Visual Studio 15
VisualStudioVersion = 15.0.28307.1340
MinimumVisualStudioVersion = 10.0.40219.1
Project("{FAE04EC0-301F-11D3-BF4B-00C04F79EFBC}") = "SongBook.Web", "SongBook.Web\SongBook.Web.csproj", "{27E9D648-7C79-4660-A144-F4A91282A85D}"
EndProject
Global
	GlobalSection(SolutionConfigurationPlatforms) = preSolution
		Debug|Any CPU = Debug|Any CPU
		Release|Any CPU = Release|Any CPU
	EndGlobalSection
	GlobalSection(ProjectConfigurationPlatforms) = postSolution
		{27E9D648-7C79-4660-A144-F4A91282A85D}.Debug|Any CPU.ActiveCfg = Debug|Any CPU
		{27E9D648-7C79-4660-A144-F4A91282A85D}.Debug|Any CPU.Build.0 = Debug|Any CPU
		{27E9D648-7C79-4660-A144-F4A91282A85D}.Release|Any CPU.ActiveCfg = Release|Any CPU
		{27E9D648-7C79-4660-A144-F4A91282A85D}.Release|Any CPU.Build.0 = Release|Any CPU
	EndGlobalSection
	GlobalSection(SolutionProperties) = preSolution
		HideSolutionNode = FALSE
	EndGlobalSection
	GlobalSection(ExtensibilityGlobals) = postSolution
		SolutionGuid = {FBF900ED-630E-47BA-A891-DC542B686EE3}
	EndGlobalSection
EndGlobal
